
Microsoft Visual Studio Solution File, Format Version 12.00
# Visual Studio Version 16
VisualStudioVersion = 16.0.31321.278
MinimumVisualStudioVersion = 10.0.40219.1
Project("{FAE04EC0-301F-11D3-BF4B-00C04F79EFBC}") = "CRM_TestProject", "CRM_TestProject\CRM_TestProject.csproj", "{23BA83F0-5634-4074-9EE1-031DB8BAE7E8}"
EndProject
Project("{FAE04EC0-301F-11D3-BF4B-00C04F79EFBC}") = "DAL", "DAL\DAL.csproj", "{CF961FC2-3D2A-4CC1-A4DD-1FB7FDF21CAB}"
EndProject
Global
	GlobalSection(SolutionConfigurationPlatforms) = preSolution
		Debug|Any CPU = Debug|Any CPU
		Release|Any CPU = Release|Any CPU
	EndGlobalSection
	GlobalSection(ProjectConfigurationPlatforms) = postSolution
		{23BA83F0-5634-4074-9EE1-031DB8BAE7E8}.Debug|Any CPU.ActiveCfg = Debug|Any CPU
		{23BA83F0-5634-4074-9EE1-031DB8BAE7E8}.Debug|Any CPU.Build.0 = Debug|Any CPU
		{23BA83F0-5634-4074-9EE1-031DB8BAE7E8}.Release|Any CPU.ActiveCfg = Release|Any CPU
		{23BA83F0-5634-4074-9EE1-031DB8BAE7E8}.Release|Any CPU.Build.0 = Release|Any CPU
		{CF961FC2-3D2A-4CC1-A4DD-1FB7FDF21CAB}.Debug|Any CPU.ActiveCfg = Debug|Any CPU
		{CF961FC2-3D2A-4CC1-A4DD-1FB7FDF21CAB}.Debug|Any CPU.Build.0 = Debug|Any CPU
		{CF961FC2-3D2A-4CC1-A4DD-1FB7FDF21CAB}.Release|Any CPU.ActiveCfg = Release|Any CPU
		{CF961FC2-3D2A-4CC1-A4DD-1FB7FDF21CAB}.Release|Any CPU.Build.0 = Release|Any CPU
	EndGlobalSection
	GlobalSection(SolutionProperties) = preSolution
		HideSolutionNode = FALSE
	EndGlobalSection
	GlobalSection(ExtensibilityGlobals) = postSolution
		SolutionGuid = {78EAD64B-7663-4DEB-B625-D3B9D3FED1B5}
	EndGlobalSection
EndGlobal
